
Microsoft Visual Studio Solution File, Format Version 12.00
# Visual Studio 15
VisualStudioVersion = 15.0.28307.106
MinimumVisualStudioVersion = 10.0.40219.1
Project("{8BC9CEB8-8B4A-11D0-8D11-00A0C91BC942}") = "XgTestBed", "XgTestBed\XgTestBed.vcxproj", "{549B5249-86CC-4B96-8CAA-AADB312FD554}"
EndProject
Project("{8BC9CEB8-8B4A-11D0-8D11-00A0C91BC942}") = "XgrLib", "XgrLib\XgrLib.vcxproj", "{D70B880C-D803-40B3-BBB0-C3EE60DE351B}"
EndProject
Global
	GlobalSection(SolutionConfigurationPlatforms) = preSolution
		Debug|x64 = Debug|x64
		Debug|x86 = Debug|x86
		Release|x64 = Release|x64
		Release|x86 = Release|x86
	EndGlobalSection
	GlobalSection(ProjectConfigurationPlatforms) = postSolution
		{549B5249-86CC-4B96-8CAA-AADB312FD554}.Debug|x64.ActiveCfg = Debug|x64
		{549B5249-86CC-4B96-8CAA-AADB312FD554}.Debug|x64.Build.0 = Debug|x64
		{549B5249-86CC-4B96-8CAA-AADB312FD554}.Debug|x86.ActiveCfg = Debug|Win32
		{549B5249-86CC-4B96-8CAA-AADB312FD554}.Debug|x86.Build.0 = Debug|Win32
		{549B5249-86CC-4B96-8CAA-AADB312FD554}.Release|x64.ActiveCfg = Release|x64
		{549B5249-86CC-4B96-8CAA-AADB312FD554}.Release|x64.Build.0 = Release|x64
		{549B5249-86CC-4B96-8CAA-AADB312FD554}.Release|x86.ActiveCfg = Release|Win32
		{549B5249-86CC-4B96-8CAA-AADB312FD554}.Release|x86.Build.0 = Release|Win32
		{D70B880C-D803-40B3-BBB0-C3EE60DE351B}.Debug|x64.ActiveCfg = Debug|x64
		{D70B880C-D803-40B3-BBB0-C3EE60DE351B}.Debug|x64.Build.0 = Debug|x64
		{D70B880C-D803-40B3-BBB0-C3EE60DE351B}.Debug|x86.ActiveCfg = Debug|Win32
		{D70B880C-D803-40B3-BBB0-C3EE60DE351B}.Debug|x86.Build.0 = Debug|Win32
		{D70B880C-D803-40B3-BBB0-C3EE60DE351B}.Release|x64.ActiveCfg = Release|x64
		{D70B880C-D803-40B3-BBB0-C3EE60DE351B}.Release|x64.Build.0 = Release|x64
		{D70B880C-D803-40B3-BBB0-C3EE60DE351B}.Release|x86.ActiveCfg = Release|Win32
		{D70B880C-D803-40B3-BBB0-C3EE60DE351B}.Release|x86.Build.0 = Release|Win32
	EndGlobalSection
	GlobalSection(SolutionProperties) = preSolution
		HideSolutionNode = FALSE
	EndGlobalSection
	GlobalSection(ExtensibilityGlobals) = postSolution
		SolutionGuid = {6C35F777-C0EE-42CB-99F6-5A7AD7CBD203}
	EndGlobalSection
EndGlobal
